
Microsoft Visual Studio Solution File, Format Version 12.00
# Visual Studio Version 17
VisualStudioVersion = 17.9.34723.18
MinimumVisualStudioVersion = 10.0.40219.1
Project("{FAE04EC0-301F-11D3-BF4B-00C04F79EFBC}") = "HandsOnOops", "HandsOnOops.csproj", "{1B93BE8B-9320-4EAF-882A-56CE34F4D53C}"
EndProject
Global
	GlobalSection(SolutionConfigurationPlatforms) = preSolution
		Debug|Any CPU = Debug|Any CPU
		Release|Any CPU = Release|Any CPU
	EndGlobalSection
	GlobalSection(ProjectConfigurationPlatforms) = postSolution
		{1B93BE8B-9320-4EAF-882A-56CE34F4D53C}.Debug|Any CPU.ActiveCfg = Debug|Any CPU
		{1B93BE8B-9320-4EAF-882A-56CE34F4D53C}.Debug|Any CPU.Build.0 = Debug|Any CPU
		{1B93BE8B-9320-4EAF-882A-56CE34F4D53C}.Release|Any CPU.ActiveCfg = Release|Any CPU
		{1B93BE8B-9320-4EAF-882A-56CE34F4D53C}.Release|Any CPU.Build.0 = Release|Any CPU
	EndGlobalSection
	GlobalSection(SolutionProperties) = preSolution
		HideSolutionNode = FALSE
	EndGlobalSection
	GlobalSection(ExtensibilityGlobals) = postSolution
		SolutionGuid = {74F9296C-AA9D-4E9B-80F2-F555FD5B1EE4}
	EndGlobalSection
EndGlobal
