
Microsoft Visual Studio Solution File, Format Version 12.00
# Visual Studio Version 17
VisualStudioVersion = 17.9.34723.18
MinimumVisualStudioVersion = 10.0.40219.1
Project("{FAE04EC0-301F-11D3-BF4B-00C04F79EFBC}") = "Practice-1", "Practice-1.csproj", "{DBD8BA75-2BB2-475C-A136-7DD0EF81C46C}"
EndProject
Global
	GlobalSection(SolutionConfigurationPlatforms) = preSolution
		Debug|Any CPU = Debug|Any CPU
		Release|Any CPU = Release|Any CPU
	EndGlobalSection
	GlobalSection(ProjectConfigurationPlatforms) = postSolution
		{DBD8BA75-2BB2-475C-A136-7DD0EF81C46C}.Debug|Any CPU.ActiveCfg = Debug|Any CPU
		{DBD8BA75-2BB2-475C-A136-7DD0EF81C46C}.Debug|Any CPU.Build.0 = Debug|Any CPU
		{DBD8BA75-2BB2-475C-A136-7DD0EF81C46C}.Release|Any CPU.ActiveCfg = Release|Any CPU
		{DBD8BA75-2BB2-475C-A136-7DD0EF81C46C}.Release|Any CPU.Build.0 = Release|Any CPU
	EndGlobalSection
	GlobalSection(SolutionProperties) = preSolution
		HideSolutionNode = FALSE
	EndGlobalSection
	GlobalSection(ExtensibilityGlobals) = postSolution
		SolutionGuid = {C53A6B2F-DB51-493F-9155-0D3CEAFFD2E9}
	EndGlobalSection
EndGlobal
